{
  "lockfileVersion": 1,
  "configVersion": 1,
  "workspaces": {
    "": {
      "name": "file-transformer-cli",
      "dependencies": {
        "@clack/prompts": "^0.7.0",
      },
      "devDependencies": {
        "@types/node": "^20.0.0",
        "ts-node": "^10.9.1",
        "tsdown": "latest",
        "vitest": "^0.34.0",
      },
    },
  },
  "packages": {
    "@babel/generator": ["@babel/generator@7.28.5", "", { "dependencies": { "@babel/parser": "^7.28.5", "@babel/types": "^7.28.5", "@jridgewell/gen-mapping": "^0.3.12", "@jridgewell/trace-mapping": "^0.3.28", "jsesc": "^3.0.2" } }, "sha512-3EwLFhZ38J4VyIP6WNtt2kUdW9dokXA9Cr4IVIFHuCpZ3H8/YFOl5JjZHisrn1fATPBmKKqXzDFvh9fUwHz6CQ=="],

    "@babel/helper-string-parser": ["@babel/helper-string-parser@7.27.1", "", {}, "sha512-qMlSxKbpRlAridDExk92nSobyDdpPijUq2DW6oDnUqd0iOGxmQjyqhMIihI9+zv4LPyZdRje2cavWPbCbWm3eA=="],

    "@babel/helper-validator-identifier": ["@babel/helper-validator-identifier@7.28.5", "", {}, "sha512-qSs4ifwzKJSV39ucNjsvc6WVHs6b7S03sOh2OcHF9UHfVPqWWALUsNUVzhSBiItjRZoLHx7nIarVjqKVusUZ1Q=="],

    "@babel/parser": ["@babel/parser@7.28.5", "", { "dependencies": { "@babel/types": "^7.28.5" }, "bin": "./bin/babel-parser.js" }, "sha512-KKBU1VGYR7ORr3At5HAtUQ+TV3SzRCXmA/8OdDZiLDBIZxVyzXuztPjfLd3BV1PRAQGCMWWSHYhL0F8d5uHBDQ=="],

    "@babel/types": ["@babel/types@7.28.5", "", { "dependencies": { "@babel/helper-string-parser": "^7.27.1", "@babel/helper-validator-identifier": "^7.28.5" } }, "sha512-qQ5m48eI/MFLQ5PxQj4PFaprjyCTLI37ElWMmNs0K8Lk3dVeOdNpB3ks8jc7yM5CDmVC73eMVk/trk3fgmrUpA=="],

    "@clack/core": ["@clack/core@0.3.5", "", { "dependencies": { "picocolors": "^1.0.0", "sisteransi": "^1.0.5" } }, "sha512-5cfhQNH+1VQ2xLQlmzXMqUoiaH0lRBq9/CLW9lTyMbuKLC3+xEK01tHVvyut++mLOn5urSHmkm6I0Lg9MaJSTQ=="],

    "@clack/prompts": ["@clack/prompts@0.7.0", "", { "dependencies": { "@clack/core": "^0.3.3", "is-unicode-supported": "*", "picocolors": "^1.0.0", "sisteransi": "^1.0.5" } }, "sha512-0MhX9/B4iL6Re04jPrttDm+BsP8y6mS7byuv0BvXgdXhbV5PdlsHt55dvNsuBCPZ7xq1oTAOOuotR9NFbQyMSA=="],

    "@cspotcode/source-map-support": ["@cspotcode/source-map-support@0.8.1", "", { "dependencies": { "@jridgewell/trace-mapping": "0.3.9" } }, "sha512-IchNf6dN4tHoMFIn/7OE8LWZ19Y6q/67Bmf6vnGREv8RSbBVb9LPJxEcnwrcwX6ixSvaiGoomAUvu4YSxXrVgw=="],

    "@emnapi/core": ["@emnapi/core@1.7.1", "", { "dependencies": { "@emnapi/wasi-threads": "1.1.0", "tslib": "^2.4.0" } }, "sha512-o1uhUASyo921r2XtHYOHy7gdkGLge8ghBEQHMWmyJFoXlpU58kIrhhN3w26lpQb6dspetweapMn2CSNwQ8I4wg=="],

    "@emnapi/runtime": ["@emnapi/runtime@1.7.1", "", { "dependencies": { "tslib": "^2.4.0" } }, "sha512-PVtJr5CmLwYAU9PZDMITZoR5iAOShYREoR45EyyLrbntV50mdePTgUn4AmOw90Ifcj+x2kRjdzr1HP3RrNiHGA=="],

    "@emnapi/wasi-threads": ["@emnapi/wasi-threads@1.1.0", "", { "dependencies": { "tslib": "^2.4.0" } }, "sha512-WI0DdZ8xFSbgMjR1sFsKABJ/C5OnRrjT06JXbZKexJGrDuPTzZdDYfFlsgcCXCyf+suG5QU2e/y1Wo2V/OapLQ=="],

    "@esbuild/aix-ppc64": ["@esbuild/aix-ppc64@0.21.5", "", { "os": "aix", "cpu": "ppc64" }, "sha512-1SDgH6ZSPTlggy1yI6+Dbkiz8xzpHJEVAlF/AM1tHPLsf5STom9rwtjE4hKAF20FfXXNTFqEYXyJNWh1GiZedQ=="],

    "@esbuild/android-arm": ["@esbuild/android-arm@0.21.5", "", { "os": "android", "cpu": "arm" }, "sha512-vCPvzSjpPHEi1siZdlvAlsPxXl7WbOVUBBAowWug4rJHb68Ox8KualB+1ocNvT5fjv6wpkX6o/iEpbDrf68zcg=="],

    "@esbuild/android-arm64": ["@esbuild/android-arm64@0.21.5", "", { "os": "android", "cpu": "arm64" }, "sha512-c0uX9VAUBQ7dTDCjq+wdyGLowMdtR/GoC2U5IYk/7D1H1JYC0qseD7+11iMP2mRLN9RcCMRcjC4YMclCzGwS/A=="],

    "@esbuild/android-x64": ["@esbuild/android-x64@0.21.5", "", { "os": "android", "cpu": "x64" }, "sha512-D7aPRUUNHRBwHxzxRvp856rjUHRFW1SdQATKXH2hqA0kAZb1hKmi02OpYRacl0TxIGz/ZmXWlbZgjwWYaCakTA=="],

    "@esbuild/darwin-arm64": ["@esbuild/darwin-arm64@0.21.5", "", { "os": "darwin", "cpu": "arm64" }, "sha512-DwqXqZyuk5AiWWf3UfLiRDJ5EDd49zg6O9wclZ7kUMv2WRFr4HKjXp/5t8JZ11QbQfUS6/cRCKGwYhtNAY88kQ=="],

    "@esbuild/darwin-x64": ["@esbuild/darwin-x64@0.21.5", "", { "os": "darwin", "cpu": "x64" }, "sha512-se/JjF8NlmKVG4kNIuyWMV/22ZaerB+qaSi5MdrXtd6R08kvs2qCN4C09miupktDitvh8jRFflwGFBQcxZRjbw=="],

    "@esbuild/freebsd-arm64": ["@esbuild/freebsd-arm64@0.21.5", "", { "os": "freebsd", "cpu": "arm64" }, "sha512-5JcRxxRDUJLX8JXp/wcBCy3pENnCgBR9bN6JsY4OmhfUtIHe3ZW0mawA7+RDAcMLrMIZaf03NlQiX9DGyB8h4g=="],

    "@esbuild/freebsd-x64": ["@esbuild/freebsd-x64@0.21.5", "", { "os": "freebsd", "cpu": "x64" }, "sha512-J95kNBj1zkbMXtHVH29bBriQygMXqoVQOQYA+ISs0/2l3T9/kj42ow2mpqerRBxDJnmkUDCaQT/dfNXWX/ZZCQ=="],

    "@esbuild/linux-arm": ["@esbuild/linux-arm@0.21.5", "", { "os": "linux", "cpu": "arm" }, "sha512-bPb5AHZtbeNGjCKVZ9UGqGwo8EUu4cLq68E95A53KlxAPRmUyYv2D6F0uUI65XisGOL1hBP5mTronbgo+0bFcA=="],

    "@esbuild/linux-arm64": ["@esbuild/linux-arm64@0.21.5", "", { "os": "linux", "cpu": "arm64" }, "sha512-ibKvmyYzKsBeX8d8I7MH/TMfWDXBF3db4qM6sy+7re0YXya+K1cem3on9XgdT2EQGMu4hQyZhan7TeQ8XkGp4Q=="],

    "@esbuild/linux-ia32": ["@esbuild/linux-ia32@0.21.5", "", { "os": "linux", "cpu": "ia32" }, "sha512-YvjXDqLRqPDl2dvRODYmmhz4rPeVKYvppfGYKSNGdyZkA01046pLWyRKKI3ax8fbJoK5QbxblURkwK/MWY18Tg=="],

    "@esbuild/linux-loong64": ["@esbuild/linux-loong64@0.21.5", "", { "os": "linux", "cpu": "none" }, "sha512-uHf1BmMG8qEvzdrzAqg2SIG/02+4/DHB6a9Kbya0XDvwDEKCoC8ZRWI5JJvNdUjtciBGFQ5PuBlpEOXQj+JQSg=="],

    "@esbuild/linux-mips64el": ["@esbuild/linux-mips64el@0.21.5", "", { "os": "linux", "cpu": "none" }, "sha512-IajOmO+KJK23bj52dFSNCMsz1QP1DqM6cwLUv3W1QwyxkyIWecfafnI555fvSGqEKwjMXVLokcV5ygHW5b3Jbg=="],

    "@esbuild/linux-ppc64": ["@esbuild/linux-ppc64@0.21.5", "", { "os": "linux", "cpu": "ppc64" }, "sha512-1hHV/Z4OEfMwpLO8rp7CvlhBDnjsC3CttJXIhBi+5Aj5r+MBvy4egg7wCbe//hSsT+RvDAG7s81tAvpL2XAE4w=="],

    "@esbuild/linux-riscv64": ["@esbuild/linux-riscv64@0.21.5", "", { "os": "linux", "cpu": "none" }, "sha512-2HdXDMd9GMgTGrPWnJzP2ALSokE/0O5HhTUvWIbD3YdjME8JwvSCnNGBnTThKGEB91OZhzrJ4qIIxk/SBmyDDA=="],

    "@esbuild/linux-s390x": ["@esbuild/linux-s390x@0.21.5", "", { "os": "linux", "cpu": "s390x" }, "sha512-zus5sxzqBJD3eXxwvjN1yQkRepANgxE9lgOW2qLnmr8ikMTphkjgXu1HR01K4FJg8h1kEEDAqDcZQtbrRnB41A=="],

    "@esbuild/linux-x64": ["@esbuild/linux-x64@0.21.5", "", { "os": "linux", "cpu": "x64" }, "sha512-1rYdTpyv03iycF1+BhzrzQJCdOuAOtaqHTWJZCWvijKD2N5Xu0TtVC8/+1faWqcP9iBCWOmjmhoH94dH82BxPQ=="],

    "@esbuild/netbsd-x64": ["@esbuild/netbsd-x64@0.21.5", "", { "os": "none", "cpu": "x64" }, "sha512-Woi2MXzXjMULccIwMnLciyZH4nCIMpWQAs049KEeMvOcNADVxo0UBIQPfSmxB3CWKedngg7sWZdLvLczpe0tLg=="],

    "@esbuild/openbsd-x64": ["@esbuild/openbsd-x64@0.21.5", "", { "os": "openbsd", "cpu": "x64" }, "sha512-HLNNw99xsvx12lFBUwoT8EVCsSvRNDVxNpjZ7bPn947b8gJPzeHWyNVhFsaerc0n3TsbOINvRP2byTZ5LKezow=="],

    "@esbuild/sunos-x64": ["@esbuild/sunos-x64@0.21.5", "", { "os": "sunos", "cpu": "x64" }, "sha512-6+gjmFpfy0BHU5Tpptkuh8+uw3mnrvgs+dSPQXQOv3ekbordwnzTVEb4qnIvQcYXq6gzkyTnoZ9dZG+D4garKg=="],

    "@esbuild/win32-arm64": ["@esbuild/win32-arm64@0.21.5", "", { "os": "win32", "cpu": "arm64" }, "sha512-Z0gOTd75VvXqyq7nsl93zwahcTROgqvuAcYDUr+vOv8uHhNSKROyU961kgtCD1e95IqPKSQKH7tBTslnS3tA8A=="],

    "@esbuild/win32-ia32": ["@esbuild/win32-ia32@0.21.5", "", { "os": "win32", "cpu": "ia32" }, "sha512-SWXFF1CL2RVNMaVs+BBClwtfZSvDgtL//G/smwAc5oVK/UPu2Gu9tIaRgFmYFFKrmg3SyAjSrElf0TiJ1v8fYA=="],

    "@esbuild/win32-x64": ["@esbuild/win32-x64@0.21.5", "", { "os": "win32", "cpu": "x64" }, "sha512-tQd/1efJuzPC6rCFwEvLtci/xNFcTZknmXs98FYDfGE4wP9ClFV98nyKrzJKVPMhdDnjzLhdUyMX4PsQAPjwIw=="],

    "@jest/schemas": ["@jest/schemas@29.6.3", "", { "dependencies": { "@sinclair/typebox": "^0.27.8" } }, "sha512-mo5j5X+jIZmJQveBKeS/clAueipV7KgiX1vMgCxam1RNYiqE1w62n0/tJJnHtjW8ZHcQco5gY85jA3mi0L+nSA=="],

    "@jridgewell/gen-mapping": ["@jridgewell/gen-mapping@0.3.13", "", { "dependencies": { "@jridgewell/sourcemap-codec": "^1.5.0", "@jridgewell/trace-mapping": "^0.3.24" } }, "sha512-2kkt/7niJ6MgEPxF0bYdQ6etZaA+fQvDcLKckhy1yIQOzaoKjBBjSj63/aLVjYE3qhRt5dvM+uUyfCg6UKCBbA=="],

    "@jridgewell/resolve-uri": ["@jridgewell/resolve-uri@3.1.2", "", {}, "sha512-bRISgCIjP20/tbWSPWMEi54QVPRZExkuD9lJL+UIxUKtwVJA8wW1Trb1jMs1RFXo1CBTNZ/5hpC9QvmKWdopKw=="],

    "@jridgewell/sourcemap-codec": ["@jridgewell/sourcemap-codec@1.5.5", "", {}, "sha512-cYQ9310grqxueWbl+WuIUIaiUaDcj7WOq5fVhEljNVgRfOUhY9fy2zTvfoqWsnebh8Sl70VScFbICvJnLKB0Og=="],

    "@jridgewell/trace-mapping": ["@jridgewell/trace-mapping@0.3.9", "", { "dependencies": { "@jridgewell/resolve-uri": "^3.0.3", "@jridgewell/sourcemap-codec": "^1.4.10" } }, "sha512-3Belt6tdc8bPgAtbcmdtNJlirVoTmEb5e2gC94PnkwEW9jI6CAHUeoG85tjWP5WquqfavoMtMwiG4P926ZKKuQ=="],

    "@napi-rs/wasm-runtime": ["@napi-rs/wasm-runtime@1.0.7", "", { "dependencies": { "@emnapi/core": "^1.5.0", "@emnapi/runtime": "^1.5.0", "@tybys/wasm-util": "^0.10.1" } }, "sha512-SeDnOO0Tk7Okiq6DbXmmBODgOAb9dp9gjlphokTUxmt8U3liIP1ZsozBahH69j/RJv+Rfs6IwUKHTgQYJ/HBAw=="],

    "@oxc-project/runtime": ["@oxc-project/runtime@0.97.0", "", {}, "sha512-yH0zw7z+jEws4dZ4IUKoix5Lh3yhqIJWF9Dc8PWvhpo7U7O+lJrv7ZZL4BeRO0la8LBQFwcCewtLBnVV7hPe/w=="],

    "@oxc-project/types": ["@oxc-project/types@0.97.0", "", {}, "sha512-lxmZK4xFrdvU0yZiDwgVQTCvh2gHWBJCBk5ALsrtsBWhs0uDIi+FTOnXRQeQfs304imdvTdaakT/lqwQ8hkOXQ=="],

    "@quansync/fs": ["@quansync/fs@0.1.5", "", { "dependencies": { "quansync": "^0.2.11" } }, "sha512-lNS9hL2aS2NZgNW7BBj+6EBl4rOf8l+tQ0eRY6JWCI8jI2kc53gSoqbjojU0OnAWhzoXiOjFyGsHcDGePB3lhA=="],

    "@rolldown/binding-android-arm64": ["@rolldown/binding-android-arm64@1.0.0-beta.50", "", { "os": "android", "cpu": "arm64" }, "sha512-XlEkrOIHLyGT3avOgzfTFSjG+f+dZMw+/qd+Y3HLN86wlndrB/gSimrJCk4gOhr1XtRtEKfszpadI3Md4Z4/Ag=="],

    "@rolldown/binding-darwin-arm64": ["@rolldown/binding-darwin-arm64@1.0.0-beta.50", "", { "os": "darwin", "cpu": "arm64" }, "sha512-+JRqKJhoFlt5r9q+DecAGPLZ5PxeLva+wCMtAuoFMWPoZzgcYrr599KQ+Ix0jwll4B4HGP43avu9My8KtSOR+w=="],

    "@rolldown/binding-darwin-x64": ["@rolldown/binding-darwin-x64@1.0.0-beta.50", "", { "os": "darwin", "cpu": "x64" }, "sha512-fFXDjXnuX7/gQZQm/1FoivVtRcyAzdjSik7Eo+9iwPQ9EgtA5/nB2+jmbzaKtMGG3q+BnZbdKHCtOacmNrkIDA=="],

    "@rolldown/binding-freebsd-x64": ["@rolldown/binding-freebsd-x64@1.0.0-beta.50", "", { "os": "freebsd", "cpu": "x64" }, "sha512-F1b6vARy49tjmT/hbloplzgJS7GIvwWZqt+tAHEstCh0JIh9sa8FAMVqEmYxDviqKBaAI8iVvUREm/Kh/PD26Q=="],

    "@rolldown/binding-linux-arm-gnueabihf": ["@rolldown/binding-linux-arm-gnueabihf@1.0.0-beta.50", "", { "os": "linux", "cpu": "arm" }, "sha512-U6cR76N8T8M6lHj7EZrQ3xunLPxSvYYxA8vJsBKZiFZkT8YV4kjgCO3KwMJL0NOjQCPGKyiXO07U+KmJzdPGRw=="],

    "@rolldown/binding-linux-arm64-gnu": ["@rolldown/binding-linux-arm64-gnu@1.0.0-beta.50", "", { "os": "linux", "cpu": "arm64" }, "sha512-ONgyjofCrrE3bnh5GZb8EINSFyR/hmwTzZ7oVuyUB170lboza1VMCnb8jgE6MsyyRgHYmN8Lb59i3NKGrxrYjw=="],

    "@rolldown/binding-linux-arm64-musl": ["@rolldown/binding-linux-arm64-musl@1.0.0-beta.50", "", { "os": "linux", "cpu": "arm64" }, "sha512-L0zRdH2oDPkmB+wvuTl+dJbXCsx62SkqcEqdM+79LOcB+PxbAxxjzHU14BuZIQdXcAVDzfpMfaHWzZuwhhBTcw=="],

    "@rolldown/binding-linux-x64-gnu": ["@rolldown/binding-linux-x64-gnu@1.0.0-beta.50", "", { "os": "linux", "cpu": "x64" }, "sha512-gyoI8o/TGpQd3OzkJnh1M2kxy1Bisg8qJ5Gci0sXm9yLFzEXIFdtc4EAzepxGvrT2ri99ar5rdsmNG0zP0SbIg=="],

    "@rolldown/binding-linux-x64-musl": ["@rolldown/binding-linux-x64-musl@1.0.0-beta.50", "", { "os": "linux", "cpu": "x64" }, "sha512-zti8A7M+xFDpKlghpcCAzyOi+e5nfUl3QhU023ce5NCgUxRG5zGP2GR9LTydQ1rnIPwZUVBWd4o7NjZDaQxaXA=="],

    "@rolldown/binding-openharmony-arm64": ["@rolldown/binding-openharmony-arm64@1.0.0-beta.50", "", { "os": "none", "cpu": "arm64" }, "sha512-eZUssog7qljrrRU9Mi0eqYEPm3Ch0UwB+qlWPMKSUXHNqhm3TvDZarJQdTevGEfu3EHAXJvBIe0YFYr0TPVaMA=="],

    "@rolldown/binding-wasm32-wasi": ["@rolldown/binding-wasm32-wasi@1.0.0-beta.50", "", { "dependencies": { "@napi-rs/wasm-runtime": "^1.0.7" }, "cpu": "none" }, "sha512-nmCN0nIdeUnmgeDXiQ+2HU6FT162o+rxnF7WMkBm4M5Ds8qTU7Dzv2Wrf22bo4ftnlrb2hKK6FSwAJSAe2FWLg=="],

    "@rolldown/binding-win32-arm64-msvc": ["@rolldown/binding-win32-arm64-msvc@1.0.0-beta.50", "", { "os": "win32", "cpu": "arm64" }, "sha512-7kcNLi7Ua59JTTLvbe1dYb028QEPaJPJQHqkmSZ5q3tJueUeb6yjRtx8mw4uIqgWZcnQHAR3PrLN4XRJxvgIkA=="],

    "@rolldown/binding-win32-ia32-msvc": ["@rolldown/binding-win32-ia32-msvc@1.0.0-beta.50", "", { "os": "win32", "cpu": "ia32" }, "sha512-lL70VTNvSCdSZkDPPVMwWn/M2yQiYvSoXw9hTLgdIWdUfC3g72UaruezusR6ceRuwHCY1Ayu2LtKqXkBO5LIwg=="],

    "@rolldown/binding-win32-x64-msvc": ["@rolldown/binding-win32-x64-msvc@1.0.0-beta.50", "", { "os": "win32", "cpu": "x64" }, "sha512-4qU4x5DXWB4JPjyTne/wBNPqkbQU8J45bl21geERBKtEittleonioACBL1R0PsBu0Aq21SwMK5a9zdBkWSlQtQ=="],

    "@rolldown/pluginutils": ["@rolldown/pluginutils@1.0.0-beta.50", "", {}, "sha512-5e76wQiQVeL1ICOZVUg4LSOVYg9jyhGCin+icYozhsUzM+fHE7kddi1bdiE0jwVqTfkjba3jUFbEkoC9WkdvyA=="],

    "@rollup/rollup-android-arm-eabi": ["@rollup/rollup-android-arm-eabi@4.53.2", "", { "os": "android", "cpu": "arm" }, "sha512-yDPzwsgiFO26RJA4nZo8I+xqzh7sJTZIWQOxn+/XOdPE31lAvLIYCKqjV+lNH/vxE2L2iH3plKxDCRK6i+CwhA=="],

    "@rollup/rollup-android-arm64": ["@rollup/rollup-android-arm64@4.53.2", "", { "os": "android", "cpu": "arm64" }, "sha512-k8FontTxIE7b0/OGKeSN5B6j25EuppBcWM33Z19JoVT7UTXFSo3D9CdU39wGTeb29NO3XxpMNauh09B+Ibw+9g=="],

    "@rollup/rollup-darwin-arm64": ["@rollup/rollup-darwin-arm64@4.53.2", "", { "os": "darwin", "cpu": "arm64" }, "sha512-A6s4gJpomNBtJ2yioj8bflM2oogDwzUiMl2yNJ2v9E7++sHrSrsQ29fOfn5DM/iCzpWcebNYEdXpaK4tr2RhfQ=="],

    "@rollup/rollup-darwin-x64": ["@rollup/rollup-darwin-x64@4.53.2", "", { "os": "darwin", "cpu": "x64" }, "sha512-e6XqVmXlHrBlG56obu9gDRPW3O3hLxpwHpLsBJvuI8qqnsrtSZ9ERoWUXtPOkY8c78WghyPHZdmPhHLWNdAGEw=="],

    "@rollup/rollup-freebsd-arm64": ["@rollup/rollup-freebsd-arm64@4.53.2", "", { "os": "freebsd", "cpu": "arm64" }, "sha512-v0E9lJW8VsrwPux5Qe5CwmH/CF/2mQs6xU1MF3nmUxmZUCHazCjLgYvToOk+YuuUqLQBio1qkkREhxhc656ViA=="],

    "@rollup/rollup-freebsd-x64": ["@rollup/rollup-freebsd-x64@4.53.2", "", { "os": "freebsd", "cpu": "x64" }, "sha512-ClAmAPx3ZCHtp6ysl4XEhWU69GUB1D+s7G9YjHGhIGCSrsg00nEGRRZHmINYxkdoJehde8VIsDC5t9C0gb6yqA=="],

    "@rollup/rollup-linux-arm-gnueabihf": ["@rollup/rollup-linux-arm-gnueabihf@4.53.2", "", { "os": "linux", "cpu": "arm" }, "sha512-EPlb95nUsz6Dd9Qy13fI5kUPXNSljaG9FiJ4YUGU1O/Q77i5DYFW5KR8g1OzTcdZUqQQ1KdDqsTohdFVwCwjqg=="],

    "@rollup/rollup-linux-arm-musleabihf": ["@rollup/rollup-linux-arm-musleabihf@4.53.2", "", { "os": "linux", "cpu": "arm" }, "sha512-BOmnVW+khAUX+YZvNfa0tGTEMVVEerOxN0pDk2E6N6DsEIa2Ctj48FOMfNDdrwinocKaC7YXUZ1pHlKpnkja/Q=="],

    "@rollup/rollup-linux-arm64-gnu": ["@rollup/rollup-linux-arm64-gnu@4.53.2", "", { "os": "linux", "cpu": "arm64" }, "sha512-Xt2byDZ+6OVNuREgBXr4+CZDJtrVso5woFtpKdGPhpTPHcNG7D8YXeQzpNbFRxzTVqJf7kvPMCub/pcGUWgBjA=="],

    "@rollup/rollup-linux-arm64-musl": ["@rollup/rollup-linux-arm64-musl@4.53.2", "", { "os": "linux", "cpu": "arm64" }, "sha512-+LdZSldy/I9N8+klim/Y1HsKbJ3BbInHav5qE9Iy77dtHC/pibw1SR/fXlWyAk0ThnpRKoODwnAuSjqxFRDHUQ=="],

    "@rollup/rollup-linux-loong64-gnu": ["@rollup/rollup-linux-loong64-gnu@4.53.2", "", { "os": "linux", "cpu": "none" }, "sha512-8ms8sjmyc1jWJS6WdNSA23rEfdjWB30LH8Wqj0Cqvv7qSHnvw6kgMMXRdop6hkmGPlyYBdRPkjJnj3KCUHV/uQ=="],

    "@rollup/rollup-linux-ppc64-gnu": ["@rollup/rollup-linux-ppc64-gnu@4.53.2", "", { "os": "linux", "cpu": "ppc64" }, "sha512-3HRQLUQbpBDMmzoxPJYd3W6vrVHOo2cVW8RUo87Xz0JPJcBLBr5kZ1pGcQAhdZgX9VV7NbGNipah1omKKe23/g=="],

    "@rollup/rollup-linux-riscv64-gnu": ["@rollup/rollup-linux-riscv64-gnu@4.53.2", "", { "os": "linux", "cpu": "none" }, "sha512-fMjKi+ojnmIvhk34gZP94vjogXNNUKMEYs+EDaB/5TG/wUkoeua7p7VCHnE6T2Tx+iaghAqQX8teQzcvrYpaQA=="],

    "@rollup/rollup-linux-riscv64-musl": ["@rollup/rollup-linux-riscv64-musl@4.53.2", "", { "os": "linux", "cpu": "none" }, "sha512-XuGFGU+VwUUV5kLvoAdi0Wz5Xbh2SrjIxCtZj6Wq8MDp4bflb/+ThZsVxokM7n0pcbkEr2h5/pzqzDYI7cCgLQ=="],

    "@rollup/rollup-linux-s390x-gnu": ["@rollup/rollup-linux-s390x-gnu@4.53.2", "", { "os": "linux", "cpu": "s390x" }, "sha512-w6yjZF0P+NGzWR3AXWX9zc0DNEGdtvykB03uhonSHMRa+oWA6novflo2WaJr6JZakG2ucsyb+rvhrKac6NIy+w=="],

    "@rollup/rollup-linux-x64-gnu": ["@rollup/rollup-linux-x64-gnu@4.53.2", "", { "os": "linux", "cpu": "x64" }, "sha512-yo8d6tdfdeBArzC7T/PnHd7OypfI9cbuZzPnzLJIyKYFhAQ8SvlkKtKBMbXDxe1h03Rcr7u++nFS7tqXz87Gtw=="],

    "@rollup/rollup-linux-x64-musl": ["@rollup/rollup-linux-x64-musl@4.53.2", "", { "os": "linux", "cpu": "x64" }, "sha512-ah59c1YkCxKExPP8O9PwOvs+XRLKwh/mV+3YdKqQ5AMQ0r4M4ZDuOrpWkUaqO7fzAHdINzV9tEVu8vNw48z0lA=="],

    "@rollup/rollup-openharmony-arm64": ["@rollup/rollup-openharmony-arm64@4.53.2", "", { "os": "none", "cpu": "arm64" }, "sha512-4VEd19Wmhr+Zy7hbUsFZ6YXEiP48hE//KPLCSVNY5RMGX2/7HZ+QkN55a3atM1C/BZCGIgqN+xrVgtdak2S9+A=="],

    "@rollup/rollup-win32-arm64-msvc": ["@rollup/rollup-win32-arm64-msvc@4.53.2", "", { "os": "win32", "cpu": "arm64" }, "sha512-IlbHFYc/pQCgew/d5fslcy1KEaYVCJ44G8pajugd8VoOEI8ODhtb/j8XMhLpwHCMB3yk2J07ctup10gpw2nyMA=="],

    "@rollup/rollup-win32-ia32-msvc": ["@rollup/rollup-win32-ia32-msvc@4.53.2", "", { "os": "win32", "cpu": "ia32" }, "sha512-lNlPEGgdUfSzdCWU176ku/dQRnA7W+Gp8d+cWv73jYrb8uT7HTVVxq62DUYxjbaByuf1Yk0RIIAbDzp+CnOTFg=="],

    "@rollup/rollup-win32-x64-gnu": ["@rollup/rollup-win32-x64-gnu@4.53.2", "", { "os": "win32", "cpu": "x64" }, "sha512-S6YojNVrHybQis2lYov1sd+uj7K0Q05NxHcGktuMMdIQ2VixGwAfbJ23NnlvvVV1bdpR2m5MsNBViHJKcA4ADw=="],

    "@rollup/rollup-win32-x64-msvc": ["@rollup/rollup-win32-x64-msvc@4.53.2", "", { "os": "win32", "cpu": "x64" }, "sha512-k+/Rkcyx//P6fetPoLMb8pBeqJBNGx81uuf7iljX9++yNBVRDQgD04L+SVXmXmh5ZP4/WOp4mWF0kmi06PW2tA=="],

    "@sinclair/typebox": ["@sinclair/typebox@0.27.8", "", {}, "sha512-+Fj43pSMwJs4KRrH/938Uf+uAELIgVBmQzg/q1YG10djyfA3TnrU8N8XzqCh/okZdszqBQTZf96idMfE5lnwTA=="],

    "@tsconfig/node10": ["@tsconfig/node10@1.0.12", "", {}, "sha512-UCYBaeFvM11aU2y3YPZ//O5Rhj+xKyzy7mvcIoAjASbigy8mHMryP5cK7dgjlz2hWxh1g5pLw084E0a/wlUSFQ=="],

    "@tsconfig/node12": ["@tsconfig/node12@1.0.11", "", {}, "sha512-cqefuRsh12pWyGsIoBKJA9luFu3mRxCA+ORZvA4ktLSzIuCUtWVxGIuXigEwO5/ywWFMZ2QEGKWvkZG1zDMTag=="],

    "@tsconfig/node14": ["@tsconfig/node14@1.0.3", "", {}, "sha512-ysT8mhdixWK6Hw3i1V2AeRqZ5WfXg1G43mqoYlM2nc6388Fq5jcXyr5mRsqViLx/GJYdoL0bfXD8nmF+Zn/Iow=="],

    "@tsconfig/node16": ["@tsconfig/node16@1.0.4", "", {}, "sha512-vxhUy4J8lyeyinH7Azl1pdd43GJhZH/tP2weN8TntQblOY+A0XbT8DJk1/oCPuOOyg/Ja757rG0CgHcWC8OfMA=="],

    "@tybys/wasm-util": ["@tybys/wasm-util@0.10.1", "", { "dependencies": { "tslib": "^2.4.0" } }, "sha512-9tTaPJLSiejZKx+Bmog4uSubteqTvFrVrURwkmHixBo0G4seD0zUxp98E1DzUBJxLQ3NPwXrGKDiVjwx/DpPsg=="],

    "@types/chai": ["@types/chai@4.3.20", "", {}, "sha512-/pC9HAB5I/xMlc5FP77qjCnI16ChlJfW0tGa0IUcFn38VJrTV6DeZ60NU5KZBtaOZqjdpwTWohz5HU1RrhiYxQ=="],

    "@types/chai-subset": ["@types/chai-subset@1.3.6", "", { "peerDependencies": { "@types/chai": "<5.2.0" } }, "sha512-m8lERkkQj+uek18hXOZuec3W/fCRTrU4hrnXjH3qhHy96ytuPaPiWGgu7sJb7tZxZonO75vYAjCvpe/e4VUwRw=="],

    "@types/estree": ["@types/estree@1.0.8", "", {}, "sha512-dWHzHa2WqEXI/O1E9OjrocMTKJl2mSrEolh1Iomrv6U+JuNwaHXsXx9bLu5gG7BUWFIN0skIQJQ/L1rIex4X6w=="],

    "@types/node": ["@types/node@20.19.25", "", { "dependencies": { "undici-types": "~6.21.0" } }, "sha512-ZsJzA5thDQMSQO788d7IocwwQbI8B5OPzmqNvpf3NY/+MHDAS759Wo0gd2WQeXYt5AAAQjzcrTVC6SKCuYgoCQ=="],

    "@vitest/expect": ["@vitest/expect@0.34.6", "", { "dependencies": { "@vitest/spy": "0.34.6", "@vitest/utils": "0.34.6", "chai": "^4.3.10" } }, "sha512-QUzKpUQRc1qC7qdGo7rMK3AkETI7w18gTCUrsNnyjjJKYiuUB9+TQK3QnR1unhCnWRC0AbKv2omLGQDF/mIjOw=="],

    "@vitest/runner": ["@vitest/runner@0.34.6", "", { "dependencies": { "@vitest/utils": "0.34.6", "p-limit": "^4.0.0", "pathe": "^1.1.1" } }, "sha512-1CUQgtJSLF47NnhN+F9X2ycxUP0kLHQ/JWvNHbeBfwW8CzEGgeskzNnHDyv1ieKTltuR6sdIHV+nmR6kPxQqzQ=="],

    "@vitest/snapshot": ["@vitest/snapshot@0.34.6", "", { "dependencies": { "magic-string": "^0.30.1", "pathe": "^1.1.1", "pretty-format": "^29.5.0" } }, "sha512-B3OZqYn6k4VaN011D+ve+AA4whM4QkcwcrwaKwAbyyvS/NB1hCWjFIBQxAQQSQir9/RtyAAGuq+4RJmbn2dH4w=="],

    "@vitest/spy": ["@vitest/spy@0.34.6", "", { "dependencies": { "tinyspy": "^2.1.1" } }, "sha512-xaCvneSaeBw/cz8ySmF7ZwGvL0lBjfvqc1LpQ/vcdHEvpLn3Ff1vAvjw+CoGn0802l++5L/pxb7whwcWAw+DUQ=="],

    "@vitest/utils": ["@vitest/utils@0.34.6", "", { "dependencies": { "diff-sequences": "^29.4.3", "loupe": "^2.3.6", "pretty-format": "^29.5.0" } }, "sha512-IG5aDD8S6zlvloDsnzHw0Ut5xczlF+kv2BOTo+iXfPr54Yhi5qbVOgGB1hZaVq4iJ4C/MZ2J0y15IlsV/ZcI0A=="],

    "acorn": ["acorn@8.15.0", "", { "bin": { "acorn": "bin/acorn" } }, "sha512-NZyJarBfL7nWwIq+FDL6Zp/yHEhePMNnnJ0y3qfieCrmNvYct8uvtiV41UvlSe6apAfk0fY1FbWx+NwfmpvtTg=="],

    "acorn-walk": ["acorn-walk@8.3.4", "", { "dependencies": { "acorn": "^8.11.0" } }, "sha512-ueEepnujpqee2o5aIYnvHU6C0A42MNdsIDeqy5BydrkuC5R1ZuUFnm27EeFJGoEHJQgn3uleRvmTXaJgfXbt4g=="],

    "ansi-styles": ["ansi-styles@5.2.0", "", {}, "sha512-Cxwpt2SfTzTtXcfOlzGEee8O+c+MmUgGrNiBcXnuWxuFJHe6a5Hz7qwhwe5OgaSYI0IJvkLqWX1ASG+cJOkEiA=="],

    "ansis": ["ansis@4.2.0", "", {}, "sha512-HqZ5rWlFjGiV0tDm3UxxgNRqsOTniqoKZu0pIAfh7TZQMGuZK+hH0drySty0si0QXj1ieop4+SkSfPZBPPkHig=="],

    "arg": ["arg@4.1.3", "", {}, "sha512-58S9QDqG0Xx27YwPSt9fJxivjYl432YCwfDMfZ+71RAqUrZef7LrKQZ3LHLOwCS4FLNBplP533Zx895SeOCHvA=="],

    "assertion-error": ["assertion-error@1.1.0", "", {}, "sha512-jgsaNduz+ndvGyFt3uSuWqvy4lCnIJiovtouQN5JZHOKCS2QuhEdbcQHFhVksz2N2U9hXJo8odG7ETyWlEeuDw=="],

    "ast-kit": ["ast-kit@2.2.0", "", { "dependencies": { "@babel/parser": "^7.28.5", "pathe": "^2.0.3" } }, "sha512-m1Q/RaVOnTp9JxPX+F+Zn7IcLYMzM8kZofDImfsKZd8MbR+ikdOzTeztStWqfrqIxZnYWryyI9ePm3NGjnZgGw=="],

    "birpc": ["birpc@2.8.0", "", {}, "sha512-Bz2a4qD/5GRhiHSwj30c/8kC8QGj12nNDwz3D4ErQ4Xhy35dsSDvF+RA/tWpjyU0pdGtSDiEk6B5fBGE1qNVhw=="],

    "cac": ["cac@6.7.14", "", {}, "sha512-b6Ilus+c3RrdDk+JhLKUAQfzzgLEPy6wcXqS7f/xe1EETvsDP6GORG7SFuOs6cID5YkqchW/LXZbX5bc8j7ZcQ=="],

    "chai": ["chai@4.5.0", "", { "dependencies": { "assertion-error": "^1.1.0", "check-error": "^1.0.3", "deep-eql": "^4.1.3", "get-func-name": "^2.0.2", "loupe": "^2.3.6", "pathval": "^1.1.1", "type-detect": "^4.1.0" } }, "sha512-RITGBfijLkBddZvnn8jdqoTypxvqbOLYQkGGxXzeFjVHvudaPw0HNFD9x928/eUwYWd2dPCugVqspGALTZZQKw=="],

    "check-error": ["check-error@1.0.3", "", { "dependencies": { "get-func-name": "^2.0.2" } }, "sha512-iKEoDYaRmd1mxM90a2OEfWhjsjPpYPuQ+lMYsoxB126+t8fw7ySEO48nmDg5COTjxDI65/Y2OWpeEHk3ZOe8zg=="],

    "chokidar": ["chokidar@4.0.3", "", { "dependencies": { "readdirp": "^4.0.1" } }, "sha512-Qgzu8kfBvo+cA4962jnP1KkS6Dop5NS6g7R5LFYJr4b8Ub94PPQXUksCw9PvXoeXPRRddRNC5C1JQUR2SMGtnA=="],

    "confbox": ["confbox@0.1.8", "", {}, "sha512-RMtmw0iFkeR4YV+fUOSucriAQNb9g8zFR52MWCtl+cCZOFRNL6zeB395vPzFhEjjn4fMxXudmELnl/KF/WrK6w=="],

    "create-require": ["create-require@1.1.1", "", {}, "sha512-dcKFX3jn0MpIaXjisoRvexIJVEKzaq7z2rZKxf+MSr9TkdmHmsU4m2lcLojrj/FHl8mk5VxMmYA+ftRkP/3oKQ=="],

    "debug": ["debug@4.4.3", "", { "dependencies": { "ms": "^2.1.3" } }, "sha512-RGwwWnwQvkVfavKVt22FGLw+xYSdzARwm0ru6DhTVA3umU5hZc28V3kO4stgYryrTlLpuvgI9GiijltAjNbcqA=="],

    "deep-eql": ["deep-eql@4.1.4", "", { "dependencies": { "type-detect": "^4.0.0" } }, "sha512-SUwdGfqdKOwxCPeVYjwSyRpJ7Z+fhpwIAtmCUdZIWZ/YP5R9WAsyuSgpLVDi9bjWoN2LXHNss/dk3urXtdQxGg=="],

    "diff": ["diff@4.0.2", "", {}, "sha512-58lmxKSA4BNyLz+HHMUzlOEpg09FV+ev6ZMe3vJihgdxzgcwZ8VoEEPmALCZG9LmqfVoNMMKpttIYTVG6uDY7A=="],

    "diff-sequences": ["diff-sequences@29.6.3", "", {}, "sha512-EjePK1srD3P08o2j4f0ExnylqRs5B9tJjcp9t1krH2qRi8CCdsYfwe9JgSLurFBWwq4uOlipzfk5fHNvwFKr8Q=="],

    "dts-resolver": ["dts-resolver@2.1.3", "", { "peerDependencies": { "oxc-resolver": ">=11.0.0" }, "optionalPeers": ["oxc-resolver"] }, "sha512-bihc7jPC90VrosXNzK0LTE2cuLP6jr0Ro8jk+kMugHReJVLIpHz/xadeq3MhuwyO4TD4OA3L1Q8pBBFRc08Tsw=="],

    "empathic": ["empathic@2.0.0", "", {}, "sha512-i6UzDscO/XfAcNYD75CfICkmfLedpyPDdozrLMmQc5ORaQcdMoc21OnlEylMIqI7U8eniKrPMxxtj8k0vhmJhA=="],

    "esbuild": ["esbuild@0.21.5", "", { "optionalDependencies": { "@esbuild/aix-ppc64": "0.21.5", "@esbuild/android-arm": "0.21.5", "@esbuild/android-arm64": "0.21.5", "@esbuild/android-x64": "0.21.5", "@esbuild/darwin-arm64": "0.21.5", "@esbuild/darwin-x64": "0.21.5", "@esbuild/freebsd-arm64": "0.21.5", "@esbuild/freebsd-x64": "0.21.5", "@esbuild/linux-arm": "0.21.5", "@esbuild/linux-arm64": "0.21.5", "@esbuild/linux-ia32": "0.21.5", "@esbuild/linux-loong64": "0.21.5", "@esbuild/linux-mips64el": "0.21.5", "@esbuild/linux-ppc64": "0.21.5", "@esbuild/linux-riscv64": "0.21.5", "@esbuild/linux-s390x": "0.21.5", "@esbuild/linux-x64": "0.21.5", "@esbuild/netbsd-x64": "0.21.5", "@esbuild/openbsd-x64": "0.21.5", "@esbuild/sunos-x64": "0.21.5", "@esbuild/win32-arm64": "0.21.5", "@esbuild/win32-ia32": "0.21.5", "@esbuild/win32-x64": "0.21.5" }, "bin": { "esbuild": "bin/esbuild" } }, "sha512-mg3OPMV4hXywwpoDxu3Qda5xCKQi+vCTZq8S9J/EpkhB2HzKXq4SNFZE3+NK93JYxc8VMSep+lOUSC/RVKaBqw=="],

    "fdir": ["fdir@6.5.0", "", { "peerDependencies": { "picomatch": "^3 || ^4" }, "optionalPeers": ["picomatch"] }, "sha512-tIbYtZbucOs0BRGqPJkshJUYdL+SDH7dVM8gjy+ERp3WAUjLEFJE+02kanyHtwjWOnwrKYBiwAmM0p4kLJAnXg=="],

    "fsevents": ["fsevents@2.3.3", "", { "os": "darwin" }, "sha512-5xoDfX+fL7faATnagmWPpbFtwh/R77WmMMqqHGS65C3vvB0YHrgF+B1YmZ3441tMj5n63k0212XNoJwzlhffQw=="],

    "get-func-name": ["get-func-name@2.0.2", "", {}, "sha512-8vXOvuE167CtIc3OyItco7N/dpRtBbYOsPsXCz7X/PMnlGjYjSGuZJgM1Y7mmew7BKf9BqvLX2tnOVy1BBUsxQ=="],

    "get-tsconfig": ["get-tsconfig@4.13.0", "", { "dependencies": { "resolve-pkg-maps": "^1.0.0" } }, "sha512-1VKTZJCwBrvbd+Wn3AOgQP/2Av+TfTCOlE4AcRJE72W1ksZXbAx8PPBR9RzgTeSPzlPMHrbANMH3LbltH73wxQ=="],

    "hookable": ["hookable@5.5.3", "", {}, "sha512-Yc+BQe8SvoXH1643Qez1zqLRmbA5rCL+sSmk6TVos0LWVfNIB7PGncdlId77WzLGSIB5KaWgTaNTs2lNVEI6VQ=="],

    "jsesc": ["jsesc@3.1.0", "", { "bin": { "jsesc": "bin/jsesc" } }, "sha512-/sM3dO2FOzXjKQhJuo0Q173wf2KOo8t4I8vHy6lF9poUp7bKT0/NHE8fPX23PwfhnykfqnC2xRxOnVw5XuGIaA=="],

    "local-pkg": ["local-pkg@0.4.3", "", {}, "sha512-SFppqq5p42fe2qcZQqqEOiVRXl+WCP1MdT6k7BDEW1j++sp5fIY+/fdRQitvKgB5BrBcmrs5m/L0v2FrU5MY1g=="],

    "loupe": ["loupe@2.3.7", "", { "dependencies": { "get-func-name": "^2.0.1" } }, "sha512-zSMINGVYkdpYSOBmLi0D1Uo7JU9nVdQKrHxC8eYlV+9YKK9WePqAlL7lSlorG/U2Fw1w0hTBmaa/jrQ3UbPHtA=="],

    "magic-string": ["magic-string@0.30.21", "", { "dependencies": { "@jridgewell/sourcemap-codec": "^1.5.5" } }, "sha512-vd2F4YUyEXKGcLHoq+TEyCjxueSeHnFxyyjNp80yg0XV4vUhnDer/lvvlqM/arB5bXQN5K2/3oinyCRyx8T2CQ=="],

    "make-error": ["make-error@1.3.6", "", {}, "sha512-s8UhlNe7vPKomQhC1qFelMokr/Sc3AgNbso3n74mVPA5LTZwkB9NlXf4XPamLxJE8h0gh73rM94xvwRT2CVInw=="],

    "mlly": ["mlly@1.8.0", "", { "dependencies": { "acorn": "^8.15.0", "pathe": "^2.0.3", "pkg-types": "^1.3.1", "ufo": "^1.6.1" } }, "sha512-l8D9ODSRWLe2KHJSifWGwBqpTZXIXTeo8mlKjY+E2HAakaTeNpqAyBZ8GSqLzHgw4XmHmC8whvpjJNMbFZN7/g=="],

    "ms": ["ms@2.1.3", "", {}, "sha512-6FlzubTLZG3J2a/NVCAleEhjzq5oxgHyaCU9yYXvcLsvoVaHJq/s5xXI6/XXP6tz7R9xAOtHnSO/tXtF3WRTlA=="],

    "nanoid": ["nanoid@3.3.11", "", { "bin": { "nanoid": "bin/nanoid.cjs" } }, "sha512-N8SpfPUnUp1bK+PMYW8qSWdl9U+wwNWI4QKxOYDy9JAro3WMX7p2OeVRF9v+347pnakNevPmiHhNmZ2HbFA76w=="],

    "obug": ["obug@2.0.0", "", { "peerDependencies": { "ms": "^2.0.0" }, "optionalPeers": ["ms"] }, "sha512-dpSQuPXoKUjulinHmXjZV1YIRhOLEqBl1J6PYi9mRQR2dYcSK+OULRr+GuT1vufk2f40mtIOqmSL/aTikjmq5Q=="],

    "p-limit": ["p-limit@4.0.0", "", { "dependencies": { "yocto-queue": "^1.0.0" } }, "sha512-5b0R4txpzjPWVw/cXXUResoD4hb6U/x9BH08L7nw+GN1sezDzPdxeRvpc9c433fZhBan/wusjbCsqwqm4EIBIQ=="],

    "pathe": ["pathe@1.1.2", "", {}, "sha512-whLdWMYL2TwI08hn8/ZqAbrVemu0LNaNNJZX73O6qaIdCTfXutsLhMkjdENX0qhsQ9uIimo4/aQOmXkoon2nDQ=="],

    "pathval": ["pathval@1.1.1", "", {}, "sha512-Dp6zGqpTdETdR63lehJYPeIOqpiNBNtc7BpWSLrOje7UaIsE5aY92r/AunQA7rsXvet3lrJ3JnZX29UPTKXyKQ=="],

    "picocolors": ["picocolors@1.1.1", "", {}, "sha512-xceH2snhtb5M9liqDsmEw56le376mTZkEX/jEb/RxNFyegNul7eNslCXP9FDj/Lcu0X8KEyMceP2ntpaHrDEVA=="],

    "picomatch": ["picomatch@4.0.3", "", {}, "sha512-5gTmgEY/sqK6gFXLIsQNH19lWb4ebPDLA4SdLP7dsWkIXHWlG66oPuVvXSGFPppYZz8ZDZq0dYYrbHfBCVUb1Q=="],

    "pkg-types": ["pkg-types@1.3.1", "", { "dependencies": { "confbox": "^0.1.8", "mlly": "^1.7.4", "pathe": "^2.0.1" } }, "sha512-/Jm5M4RvtBFVkKWRu2BLUTNP8/M2a+UwuAX+ae4770q1qVGtfjG+WTCupoZixokjmHiry8uI+dlY8KXYV5HVVQ=="],

    "postcss": ["postcss@8.5.6", "", { "dependencies": { "nanoid": "^3.3.11", "picocolors": "^1.1.1", "source-map-js": "^1.2.1" } }, "sha512-3Ybi1tAuwAP9s0r1UQ2J4n5Y0G05bJkpUIO0/bI9MhwmD70S5aTWbXGBwxHrelT+XM1k6dM0pk+SwNkpTRN7Pg=="],

    "pretty-format": ["pretty-format@29.7.0", "", { "dependencies": { "@jest/schemas": "^29.6.3", "ansi-styles": "^5.0.0", "react-is": "^18.0.0" } }, "sha512-Pdlw/oPxN+aXdmM9R00JVC9WVFoCLTKJvDVLgmJ+qAffBMxsV85l/Lu7sNx4zSzPyoL2euImuEwHhOXdEgNFZQ=="],

    "quansync": ["quansync@0.2.11", "", {}, "sha512-AifT7QEbW9Nri4tAwR5M/uzpBuqfZf+zwaEM/QkzEjj7NBuFD2rBuy0K3dE+8wltbezDV7JMA0WfnCPYRSYbXA=="],

    "react-is": ["react-is@18.3.1", "", {}, "sha512-/LLMVyas0ljjAtoYiPqYiL8VWXzUUdThrmU5+n20DZv+a+ClRoevUzw5JxU+Ieh5/c87ytoTBV9G1FiKfNJdmg=="],

    "readdirp": ["readdirp@4.1.2", "", {}, "sha512-GDhwkLfywWL2s6vEjyhri+eXmfH6j1L7JE27WhqLeYzoh/A3DBaYGEj2H/HFZCn/kMfim73FXxEJTw06WtxQwg=="],

    "resolve-pkg-maps": ["resolve-pkg-maps@1.0.0", "", {}, "sha512-seS2Tj26TBVOC2NIc2rOe2y2ZO7efxITtLZcGSOnHHNOQ7CkiUBfw0Iw2ck6xkIhPwLhKNLS8BO+hEpngQlqzw=="],

    "rolldown": ["rolldown@1.0.0-beta.50", "", { "dependencies": { "@oxc-project/types": "=0.97.0", "@rolldown/pluginutils": "1.0.0-beta.50" }, "optionalDependencies": { "@rolldown/binding-android-arm64": "1.0.0-beta.50", "@rolldown/binding-darwin-arm64": "1.0.0-beta.50", "@rolldown/binding-darwin-x64": "1.0.0-beta.50", "@rolldown/binding-freebsd-x64": "1.0.0-beta.50", "@rolldown/binding-linux-arm-gnueabihf": "1.0.0-beta.50", "@rolldown/binding-linux-arm64-gnu": "1.0.0-beta.50", "@rolldown/binding-linux-arm64-musl": "1.0.0-beta.50", "@rolldown/binding-linux-x64-gnu": "1.0.0-beta.50", "@rolldown/binding-linux-x64-musl": "1.0.0-beta.50", "@rolldown/binding-openharmony-arm64": "1.0.0-beta.50", "@rolldown/binding-wasm32-wasi": "1.0.0-beta.50", "@rolldown/binding-win32-arm64-msvc": "1.0.0-beta.50", "@rolldown/binding-win32-ia32-msvc": "1.0.0-beta.50", "@rolldown/binding-win32-x64-msvc": "1.0.0-beta.50" }, "bin": { "rolldown": "bin/cli.mjs" } }, "sha512-JFULvCNl/anKn99eKjOSEubi0lLmNqQDAjyEMME2T4CwezUDL0i6t1O9xZsu2OMehPnV2caNefWpGF+8TnzB6A=="],

    "rolldown-plugin-dts": ["rolldown-plugin-dts@0.17.8", "", { "dependencies": { "@babel/generator": "^7.28.5", "@babel/parser": "^7.28.5", "@babel/types": "^7.28.5", "ast-kit": "^2.2.0", "birpc": "^2.8.0", "dts-resolver": "^2.1.3", "get-tsconfig": "^4.13.0", "magic-string": "^0.30.21", "obug": "^2.0.0" }, "peerDependencies": { "@ts-macro/tsc": "^0.3.6", "@typescript/native-preview": ">=7.0.0-dev.20250601.1", "rolldown": "^1.0.0-beta.44", "typescript": "^5.0.0", "vue-tsc": "~3.1.0" }, "optionalPeers": ["@ts-macro/tsc", "@typescript/native-preview", "typescript", "vue-tsc"] }, "sha512-76EEBlhF00yeY6M7VpMkWKI4r9WjuoMiOGey7j4D6zf3m0BR+ZrrY9hvSXdueJ3ljxSLq4DJBKFpX/X9+L7EKw=="],

    "rollup": ["rollup@4.53.2", "", { "dependencies": { "@types/estree": "1.0.8" }, "optionalDependencies": { "@rollup/rollup-android-arm-eabi": "4.53.2", "@rollup/rollup-android-arm64": "4.53.2", "@rollup/rollup-darwin-arm64": "4.53.2", "@rollup/rollup-darwin-x64": "4.53.2", "@rollup/rollup-freebsd-arm64": "4.53.2", "@rollup/rollup-freebsd-x64": "4.53.2", "@rollup/rollup-linux-arm-gnueabihf": "4.53.2", "@rollup/rollup-linux-arm-musleabihf": "4.53.2", "@rollup/rollup-linux-arm64-gnu": "4.53.2", "@rollup/rollup-linux-arm64-musl": "4.53.2", "@rollup/rollup-linux-loong64-gnu": "4.53.2", "@rollup/rollup-linux-ppc64-gnu": "4.53.2", "@rollup/rollup-linux-riscv64-gnu": "4.53.2", "@rollup/rollup-linux-riscv64-musl": "4.53.2", "@rollup/rollup-linux-s390x-gnu": "4.53.2", "@rollup/rollup-linux-x64-gnu": "4.53.2", "@rollup/rollup-linux-x64-musl": "4.53.2", "@rollup/rollup-openharmony-arm64": "4.53.2", "@rollup/rollup-win32-arm64-msvc": "4.53.2", "@rollup/rollup-win32-ia32-msvc": "4.53.2", "@rollup/rollup-win32-x64-gnu": "4.53.2", "@rollup/rollup-win32-x64-msvc": "4.53.2", "fsevents": "~2.3.2" }, "bin": { "rollup": "dist/bin/rollup" } }, "sha512-MHngMYwGJVi6Fmnk6ISmnk7JAHRNF0UkuucA0CUW3N3a4KnONPEZz+vUanQP/ZC/iY1Qkf3bwPWzyY84wEks1g=="],

    "semver": ["semver@7.7.3", "", { "bin": { "semver": "bin/semver.js" } }, "sha512-SdsKMrI9TdgjdweUSR9MweHA4EJ8YxHn8DFaDisvhVlUOe4BF1tLD7GAj0lIqWVl+dPb/rExr0Btby5loQm20Q=="],

    "siginfo": ["siginfo@2.0.0", "", {}, "sha512-ybx0WO1/8bSBLEWXZvEd7gMW3Sn3JFlW3TvX1nREbDLRNQNaeNN8WK0meBwPdAaOI7TtRRRJn/Es1zhrrCHu7g=="],

    "sisteransi": ["sisteransi@1.0.5", "", {}, "sha512-bLGGlR1QxBcynn2d5YmDX4MGjlZvy2MRBDRNHLJ8VI6l6+9FUiyTFNJ0IveOSP0bcXgVDPRcfGqA0pjaqUpfVg=="],

    "source-map-js": ["source-map-js@1.2.1", "", {}, "sha512-UXWMKhLOwVKb728IUtQPXxfYU+usdybtUrK/8uGE8CQMvrhOpwvzDBwj0QhSL7MQc7vIsISBG8VQ8+IDQxpfQA=="],

    "stackback": ["stackback@0.0.2", "", {}, "sha512-1XMJE5fQo1jGH6Y/7ebnwPOBEkIEnT4QF32d5R1+VXdXveM0IBMJt8zfaxX1P3QhVwrYe+576+jkANtSS2mBbw=="],

    "std-env": ["std-env@3.10.0", "", {}, "sha512-5GS12FdOZNliM5mAOxFRg7Ir0pWz8MdpYm6AY6VPkGpbA7ZzmbzNcBJQ0GPvvyWgcY7QAhCgf9Uy89I03faLkg=="],

    "strip-literal": ["strip-literal@1.3.0", "", { "dependencies": { "acorn": "^8.10.0" } }, "sha512-PugKzOsyXpArk0yWmUwqOZecSO0GH0bPoctLcqNDH9J04pVW3lflYE0ujElBGTloevcxF5MofAOZ7C5l2b+wLg=="],

    "tinybench": ["tinybench@2.9.0", "", {}, "sha512-0+DUvqWMValLmha6lr4kD8iAMK1HzV0/aKnCtWb9v9641TnP/MFb7Pc2bxoxQjTXAErryXVgUOfv2YqNllqGeg=="],

    "tinyexec": ["tinyexec@1.0.2", "", {}, "sha512-W/KYk+NFhkmsYpuHq5JykngiOCnxeVL8v8dFnqxSD8qEEdRfXk1SDM6JzNqcERbcGYj9tMrDQBYV9cjgnunFIg=="],

    "tinyglobby": ["tinyglobby@0.2.15", "", { "dependencies": { "fdir": "^6.5.0", "picomatch": "^4.0.3" } }, "sha512-j2Zq4NyQYG5XMST4cbs02Ak8iJUdxRM0XI5QyxXuZOzKOINmWurp3smXu3y5wDcJrptwpSjgXHzIQxR0omXljQ=="],

    "tinypool": ["tinypool@0.7.0", "", {}, "sha512-zSYNUlYSMhJ6Zdou4cJwo/p7w5nmAH17GRfU/ui3ctvjXFErXXkruT4MWW6poDeXgCaIBlGLrfU6TbTXxyGMww=="],

    "tinyspy": ["tinyspy@2.2.1", "", {}, "sha512-KYad6Vy5VDWV4GH3fjpseMQ/XU2BhIYP7Vzd0LG44qRWm/Yt2WCOTicFdvmgo6gWaqooMQCawTtILVQJupKu7A=="],

    "tree-kill": ["tree-kill@1.2.2", "", { "bin": { "tree-kill": "cli.js" } }, "sha512-L0Orpi8qGpRG//Nd+H90vFB+3iHnue1zSSGmNOOCh1GLJ7rUKVwV2HvijphGQS2UmhUZewS9VgvxYIdgr+fG1A=="],

    "ts-node": ["ts-node@10.9.2", "", { "dependencies": { "@cspotcode/source-map-support": "^0.8.0", "@tsconfig/node10": "^1.0.7", "@tsconfig/node12": "^1.0.7", "@tsconfig/node14": "^1.0.0", "@tsconfig/node16": "^1.0.2", "acorn": "^8.4.1", "acorn-walk": "^8.1.1", "arg": "^4.1.0", "create-require": "^1.1.0", "diff": "^4.0.1", "make-error": "^1.1.1", "v8-compile-cache-lib": "^3.0.1", "yn": "3.1.1" }, "peerDependencies": { "@swc/core": ">=1.2.50", "@swc/wasm": ">=1.2.50", "@types/node": "*", "typescript": ">=2.7" }, "optionalPeers": ["@swc/core", "@swc/wasm"], "bin": { "ts-node": "dist/bin.js", "ts-script": "dist/bin-script-deprecated.js", "ts-node-cwd": "dist/bin-cwd.js", "ts-node-esm": "dist/bin-esm.js", "ts-node-script": "dist/bin-script.js", "ts-node-transpile-only": "dist/bin-transpile.js" } }, "sha512-f0FFpIdcHgn8zcPSbf1dRevwt047YMnaiJM3u2w2RewrB+fob/zePZcrOyQoLMMO7aBIddLcQIEK5dYjkLnGrQ=="],

    "tsdown": ["tsdown@0.16.5", "", { "dependencies": { "ansis": "^4.2.0", "cac": "^6.7.14", "chokidar": "^4.0.3", "diff": "^8.0.2", "empathic": "^2.0.0", "hookable": "^5.5.3", "obug": "^2.0.0", "rolldown": "1.0.0-beta.50", "rolldown-plugin-dts": "^0.17.7", "semver": "^7.7.3", "tinyexec": "^1.0.2", "tinyglobby": "^0.2.15", "tree-kill": "^1.2.2", "unconfig-core": "^7.4.1", "unrun": "^0.2.10" }, "peerDependencies": { "@arethetypeswrong/core": "^0.18.1", "@vitejs/devtools": "^0.0.0-alpha.17", "publint": "^0.3.0", "typescript": "^5.0.0", "unplugin-lightningcss": "^0.4.0", "unplugin-unused": "^0.5.0" }, "optionalPeers": ["@arethetypeswrong/core", "@vitejs/devtools", "publint", "typescript", "unplugin-lightningcss", "unplugin-unused"], "bin": { "tsdown": "dist/run.mjs" } }, "sha512-jo/2MmJI1uNJ+QvwEfF/2DcICd2Bc/Gc/XIVJS9Gvfns7ji5TgUeu3kYfG8nA/mGgWXU8REpTNweIcVJQoSLAQ=="],

    "tslib": ["tslib@2.8.1", "", {}, "sha512-oJFu94HQb+KVduSUQL7wnpmqnfmLsOA/nAh6b6EH0wCEoK0/mPeXU6c3wKDV83MkOuHPRHtSXKKU99IBazS/2w=="],

    "type-detect": ["type-detect@4.1.0", "", {}, "sha512-Acylog8/luQ8L7il+geoSxhEkazvkslg7PSNKOX59mbB9cOveP5aq9h74Y7YU8yDpJwetzQQrfIwtf4Wp4LKcw=="],

    "typescript": ["typescript@5.9.3", "", { "bin": { "tsc": "bin/tsc", "tsserver": "bin/tsserver" } }, "sha512-jl1vZzPDinLr9eUt3J/t7V6FgNEw9QjvBPdysz9KfQDD41fQrC2Y4vKQdiaUpFT4bXlb1RHhLpp8wtm6M5TgSw=="],

    "ufo": ["ufo@1.6.1", "", {}, "sha512-9a4/uxlTWJ4+a5i0ooc1rU7C7YOw3wT+UGqdeNNHWnOF9qcMBgLRS+4IYUqbczewFx4mLEig6gawh7X6mFlEkA=="],

    "unconfig-core": ["unconfig-core@7.4.1", "", { "dependencies": { "@quansync/fs": "^0.1.5", "quansync": "^0.2.11" } }, "sha512-Bp/bPZjV2Vl/fofoA2OYLSnw1Z0MOhCX7zHnVCYrazpfZvseBbGhwcNQMxsg185Mqh7VZQqK3C8hFG/Dyng+yA=="],

    "undici-types": ["undici-types@6.21.0", "", {}, "sha512-iwDZqg0QAGrg9Rav5H4n0M64c3mkR59cJ6wQp+7C4nI0gsmExaedaYLNO44eT4AtBBwjbTiGPMlt2Md0T9H9JQ=="],

    "unrun": ["unrun@0.2.10", "", { "dependencies": { "@oxc-project/runtime": "^0.97.0", "rolldown": "1.0.0-beta.50" }, "peerDependencies": { "synckit": "^0.11.11" }, "optionalPeers": ["synckit"], "bin": { "unrun": "dist/cli.mjs" } }, "sha512-IcQCpGp3oawzr2ANNmMCh2XNssrDueQvoOfC/ranG4Enq0vVCCLfen+sJTaLYKR22vxZttF2KvvaubgbUadTqA=="],

    "v8-compile-cache-lib": ["v8-compile-cache-lib@3.0.1", "", {}, "sha512-wa7YjyUGfNZngI/vtK0UHAN+lgDCxBPCylVXGp0zu59Fz5aiGtNXaq3DhIov063MorB+VfufLh3JlF2KdTK3xg=="],

    "vite": ["vite@5.4.21", "", { "dependencies": { "esbuild": "^0.21.3", "postcss": "^8.4.43", "rollup": "^4.20.0" }, "optionalDependencies": { "fsevents": "~2.3.3" }, "peerDependencies": { "@types/node": "^18.0.0 || >=20.0.0", "less": "*", "lightningcss": "^1.21.0", "sass": "*", "sass-embedded": "*", "stylus": "*", "sugarss": "*", "terser": "^5.4.0" }, "optionalPeers": ["@types/node", "less", "lightningcss", "sass", "sass-embedded", "stylus", "sugarss", "terser"], "bin": { "vite": "bin/vite.js" } }, "sha512-o5a9xKjbtuhY6Bi5S3+HvbRERmouabWbyUcpXXUA1u+GNUKoROi9byOJ8M0nHbHYHkYICiMlqxkg1KkYmm25Sw=="],

    "vite-node": ["vite-node@0.34.6", "", { "dependencies": { "cac": "^6.7.14", "debug": "^4.3.4", "mlly": "^1.4.0", "pathe": "^1.1.1", "picocolors": "^1.0.0", "vite": "^3.0.0 || ^4.0.0 || ^5.0.0-0" }, "bin": { "vite-node": "vite-node.mjs" } }, "sha512-nlBMJ9x6n7/Amaz6F3zJ97EBwR2FkzhBRxF5e+jE6LA3yi6Wtc2lyTij1OnDMIr34v5g/tVQtsVAzhT0jc5ygA=="],

    "vitest": ["vitest@0.34.6", "", { "dependencies": { "@types/chai": "^4.3.5", "@types/chai-subset": "^1.3.3", "@types/node": "*", "@vitest/expect": "0.34.6", "@vitest/runner": "0.34.6", "@vitest/snapshot": "0.34.6", "@vitest/spy": "0.34.6", "@vitest/utils": "0.34.6", "acorn": "^8.9.0", "acorn-walk": "^8.2.0", "cac": "^6.7.14", "chai": "^4.3.10", "debug": "^4.3.4", "local-pkg": "^0.4.3", "magic-string": "^0.30.1", "pathe": "^1.1.1", "picocolors": "^1.0.0", "std-env": "^3.3.3", "strip-literal": "^1.0.1", "tinybench": "^2.5.0", "tinypool": "^0.7.0", "vite": "^3.1.0 || ^4.0.0 || ^5.0.0-0", "vite-node": "0.34.6", "why-is-node-running": "^2.2.2" }, "peerDependencies": { "@edge-runtime/vm": "*", "@vitest/browser": "*", "@vitest/ui": "*", "happy-dom": "*", "jsdom": "*", "playwright": "*", "safaridriver": "*", "webdriverio": "*" }, "optionalPeers": ["@edge-runtime/vm", "@vitest/browser", "@vitest/ui", "happy-dom", "jsdom", "playwright", "safaridriver", "webdriverio"], "bin": { "vitest": "vitest.mjs" } }, "sha512-+5CALsOvbNKnS+ZHMXtuUC7nL8/7F1F2DnHGjSsszX8zCjWSSviphCb/NuS9Nzf4Q03KyyDRBAXhF/8lffME4Q=="],

    "why-is-node-running": ["why-is-node-running@2.3.0", "", { "dependencies": { "siginfo": "^2.0.0", "stackback": "0.0.2" }, "bin": { "why-is-node-running": "cli.js" } }, "sha512-hUrmaWBdVDcxvYqnyh09zunKzROWjbZTiNy8dBEjkS7ehEDQibXJ7XvlmtbwuTclUiIyN+CyXQD4Vmko8fNm8w=="],

    "yn": ["yn@3.1.1", "", {}, "sha512-Ux4ygGWsu2c7isFWe8Yu1YluJmqVhxqK2cLXNQA5AcC3QfbGNpM7fu0Y8b/z16pXLnFxZYvWhd3fhBY9DLmC6Q=="],

    "yocto-queue": ["yocto-queue@1.2.2", "", {}, "sha512-4LCcse/U2MHZ63HAJVE+v71o7yOdIe4cZ70Wpf8D/IyjDKYQLV5GD46B+hSTjJsvV5PztjvHoU580EftxjDZFQ=="],

    "@babel/generator/@jridgewell/trace-mapping": ["@jridgewell/trace-mapping@0.3.31", "", { "dependencies": { "@jridgewell/resolve-uri": "^3.1.0", "@jridgewell/sourcemap-codec": "^1.4.14" } }, "sha512-zzNR+SdQSDJzc8joaeP8QQoCQr8NuYx2dIIytl1QeBEZHJ9uW6hebsrYgbz8hJwUQao3TWCMtmfV8Nu1twOLAw=="],

    "@clack/prompts/is-unicode-supported": ["is-unicode-supported@2.1.0", "", { "bundled": true }, "sha512-mE00Gnza5EEB3Ds0HfMyllZzbBrmLOX3vfWoj9A9PEnTfratQ/BcaJOuMhnkhjXvb2+FkY3VuHqtAGpTPmglFQ=="],

    "@jridgewell/gen-mapping/@jridgewell/trace-mapping": ["@jridgewell/trace-mapping@0.3.31", "", { "dependencies": { "@jridgewell/resolve-uri": "^3.1.0", "@jridgewell/sourcemap-codec": "^1.4.14" } }, "sha512-zzNR+SdQSDJzc8joaeP8QQoCQr8NuYx2dIIytl1QeBEZHJ9uW6hebsrYgbz8hJwUQao3TWCMtmfV8Nu1twOLAw=="],

    "ast-kit/pathe": ["pathe@2.0.3", "", {}, "sha512-WUjGcAqP1gQacoQe+OBJsFA7Ld4DyXuUIjZ5cc75cLHvJ7dtNsTugphxIADwspS+AraAUePCKrSVtPLFj/F88w=="],

    "mlly/pathe": ["pathe@2.0.3", "", {}, "sha512-WUjGcAqP1gQacoQe+OBJsFA7Ld4DyXuUIjZ5cc75cLHvJ7dtNsTugphxIADwspS+AraAUePCKrSVtPLFj/F88w=="],

    "pkg-types/pathe": ["pathe@2.0.3", "", {}, "sha512-WUjGcAqP1gQacoQe+OBJsFA7Ld4DyXuUIjZ5cc75cLHvJ7dtNsTugphxIADwspS+AraAUePCKrSVtPLFj/F88w=="],

    "tsdown/diff": ["diff@8.0.2", "", {}, "sha512-sSuxWU5j5SR9QQji/o2qMvqRNYRDOcBTgsJ/DeCf4iSN4gW+gNMXM7wFIP+fdXZxoNiAnHUTGjCr+TSWXdRDKg=="],
  }
}
